
Microsoft Visual Studio Solution File, Format Version 12.00
# Visual Studio Version 16
VisualStudioVersion = 16.0.29806.167
MinimumVisualStudioVersion = 10.0.40219.1
Project("{9A19103F-16F7-4668-BE54-9A1E7A4F7556}") = "Battleship.API", "Battleship\Battleship.API.csproj", "{FA0E192B-C6B4-4AA7-BFF0-1F195D297CAC}"
EndProject
Project("{9A19103F-16F7-4668-BE54-9A1E7A4F7556}") = "Battleship.Business", "Battleship.Business\Battleship.Business.csproj", "{BEE2F23D-3202-459D-A77F-B53EC2F678ED}"
EndProject
Project("{2150E333-8FDC-42A3-9474-1A3956D46DE8}") = "Tests", "Tests", "{68FD2FE6-57B3-4F4D-BEC0-88ACCAF8BA15}"
EndProject
Project("{FAE04EC0-301F-11D3-BF4B-00C04F79EFBC}") = "Battleship.Business.Tests", "Battleship.Business.Tests\Battleship.Business.Tests.csproj", "{25D907F7-BC88-4FD4-843D-E29E684767E0}"
EndProject
Project("{FAE04EC0-301F-11D3-BF4B-00C04F79EFBC}") = "Battleship.API.Tests", "Battleship.API.Tests\Battleship.API.Tests.csproj", "{6AEBE5F6-5895-41D9-8FFC-B568BA544EA4}"
EndProject
Global
	GlobalSection(SolutionConfigurationPlatforms) = preSolution
		Debug|Any CPU = Debug|Any CPU
		Release|Any CPU = Release|Any CPU
	EndGlobalSection
	GlobalSection(ProjectConfigurationPlatforms) = postSolution
		{FA0E192B-C6B4-4AA7-BFF0-1F195D297CAC}.Debug|Any CPU.ActiveCfg = Debug|Any CPU
		{FA0E192B-C6B4-4AA7-BFF0-1F195D297CAC}.Debug|Any CPU.Build.0 = Debug|Any CPU
		{FA0E192B-C6B4-4AA7-BFF0-1F195D297CAC}.Release|Any CPU.ActiveCfg = Release|Any CPU
		{FA0E192B-C6B4-4AA7-BFF0-1F195D297CAC}.Release|Any CPU.Build.0 = Release|Any CPU
		{BEE2F23D-3202-459D-A77F-B53EC2F678ED}.Debug|Any CPU.ActiveCfg = Debug|Any CPU
		{BEE2F23D-3202-459D-A77F-B53EC2F678ED}.Debug|Any CPU.Build.0 = Debug|Any CPU
		{BEE2F23D-3202-459D-A77F-B53EC2F678ED}.Release|Any CPU.ActiveCfg = Release|Any CPU
		{BEE2F23D-3202-459D-A77F-B53EC2F678ED}.Release|Any CPU.Build.0 = Release|Any CPU
		{25D907F7-BC88-4FD4-843D-E29E684767E0}.Debug|Any CPU.ActiveCfg = Debug|Any CPU
		{25D907F7-BC88-4FD4-843D-E29E684767E0}.Debug|Any CPU.Build.0 = Debug|Any CPU
		{25D907F7-BC88-4FD4-843D-E29E684767E0}.Release|Any CPU.ActiveCfg = Release|Any CPU
		{25D907F7-BC88-4FD4-843D-E29E684767E0}.Release|Any CPU.Build.0 = Release|Any CPU
		{6AEBE5F6-5895-41D9-8FFC-B568BA544EA4}.Debug|Any CPU.ActiveCfg = Debug|Any CPU
		{6AEBE5F6-5895-41D9-8FFC-B568BA544EA4}.Debug|Any CPU.Build.0 = Debug|Any CPU
		{6AEBE5F6-5895-41D9-8FFC-B568BA544EA4}.Release|Any CPU.ActiveCfg = Release|Any CPU
		{6AEBE5F6-5895-41D9-8FFC-B568BA544EA4}.Release|Any CPU.Build.0 = Release|Any CPU
	EndGlobalSection
	GlobalSection(SolutionProperties) = preSolution
		HideSolutionNode = FALSE
	EndGlobalSection
	GlobalSection(NestedProjects) = preSolution
		{25D907F7-BC88-4FD4-843D-E29E684767E0} = {68FD2FE6-57B3-4F4D-BEC0-88ACCAF8BA15}
		{6AEBE5F6-5895-41D9-8FFC-B568BA544EA4} = {68FD2FE6-57B3-4F4D-BEC0-88ACCAF8BA15}
	EndGlobalSection
	GlobalSection(ExtensibilityGlobals) = postSolution
		SolutionGuid = {C0B059A4-13EB-4700-9A76-241F230CB755}
	EndGlobalSection
EndGlobal
